
Microsoft Visual Studio Solution File, Format Version 12.00
# Visual Studio Version 16
VisualStudioVersion = 16.0.29613.14
MinimumVisualStudioVersion = 10.0.40219.1
Project("{FAE04EC0-301F-11D3-BF4B-00C04F79EFBC}") = "manager", "manager\manager.csproj", "{4116CBBE-4B43-4F3A-8375-630A2CAB69B6}"
EndProject
Global
	GlobalSection(SolutionConfigurationPlatforms) = preSolution
		Debug|Any CPU = Debug|Any CPU
		Release|Any CPU = Release|Any CPU
	EndGlobalSection
	GlobalSection(ProjectConfigurationPlatforms) = postSolution
		{4116CBBE-4B43-4F3A-8375-630A2CAB69B6}.Debug|Any CPU.ActiveCfg = Debug|Any CPU
		{4116CBBE-4B43-4F3A-8375-630A2CAB69B6}.Debug|Any CPU.Build.0 = Debug|Any CPU
		{4116CBBE-4B43-4F3A-8375-630A2CAB69B6}.Release|Any CPU.ActiveCfg = Release|Any CPU
		{4116CBBE-4B43-4F3A-8375-630A2CAB69B6}.Release|Any CPU.Build.0 = Release|Any CPU
	EndGlobalSection
	GlobalSection(SolutionProperties) = preSolution
		HideSolutionNode = FALSE
	EndGlobalSection
	GlobalSection(ExtensibilityGlobals) = postSolution
		SolutionGuid = {D3494B68-E036-447B-81EF-BB6B6B2AF7B8}
	EndGlobalSection
EndGlobal
