
Microsoft Visual Studio Solution File, Format Version 12.00
# Visual Studio Version 16
VisualStudioVersion = 16.0.29613.14
MinimumVisualStudioVersion = 10.0.40219.1
Project("{FAE04EC0-301F-11D3-BF4B-00C04F79EFBC}") = "coffee", "coffee\coffee.csproj", "{023EDBAF-0247-4C8B-B8B3-28875950BFDE}"
EndProject
Global
	GlobalSection(SolutionConfigurationPlatforms) = preSolution
		Debug|Any CPU = Debug|Any CPU
		Release|Any CPU = Release|Any CPU
	EndGlobalSection
	GlobalSection(ProjectConfigurationPlatforms) = postSolution
		{023EDBAF-0247-4C8B-B8B3-28875950BFDE}.Debug|Any CPU.ActiveCfg = Debug|Any CPU
		{023EDBAF-0247-4C8B-B8B3-28875950BFDE}.Debug|Any CPU.Build.0 = Debug|Any CPU
		{023EDBAF-0247-4C8B-B8B3-28875950BFDE}.Release|Any CPU.ActiveCfg = Release|Any CPU
		{023EDBAF-0247-4C8B-B8B3-28875950BFDE}.Release|Any CPU.Build.0 = Release|Any CPU
	EndGlobalSection
	GlobalSection(SolutionProperties) = preSolution
		HideSolutionNode = FALSE
	EndGlobalSection
	GlobalSection(ExtensibilityGlobals) = postSolution
		SolutionGuid = {E574DB4F-70B1-4CF2-A64F-7DDD3BD3A58D}
	EndGlobalSection
EndGlobal
